<?xml version="1.0" encoding="utf-8"?>
<Project ToolsVersion="4.0" xmlns="http://schemas.microsoft.com/developer/msbuild/2003">
  <ItemGroup>
    <Filter Include="Source Files">
      <UniqueIdentifier>{4FC737F1-C7A5-4376-A066-2A32D752A2FF}</UniqueIdentifier>
      <Extensions>cpp;c;cc;cxx;def;odl;idl;hpj;bat;asm;asmx</Extensions>
    </Filter>
    <Filter Include="Header Files">
      <UniqueIdentifier>{93995380-89BD-4b04-88EB-625FBE52EBFB}</UniqueIdentifier>
      <Extensions>h;hh;hpp;hxx;hm;inl;inc;ipp;xsd</Extensions>
    </Filter>
    <Filter Include="Resource Files">
      <UniqueIdentifier>{67DA6AB6-F800-4c08-8B7A-83BB121AAD01}</UniqueIdentifier>
      <Extensions>rc;ico;cur;bmp;dlg;rc2;rct;bin;rgs;gif;jpg;jpeg;jpe;resx;tiff;tif;png;wav;mfcribbon-ms</Extensions>
    </Filter>
    <Filter Include="Header Files\System">
      <UniqueIdentifier>{8703824c-e991-48ee-a28a-cb89256461d3}</UniqueIdentifier>
    </Filter>
    <Filter Include="Header Files\Graphics">
      <UniqueIdentifier>{02ecd423-80b5-4ef2-9f42-98e9774352f7}</UniqueIdentifier>
    </Filter>
    <Filter Include="Header Files\Graphics\OpenGL">
      <UniqueIdentifier>{23f7a4a9-9f3c-40be-9204-a3a82ff34b39}</UniqueIdentifier>
    </Filter>
    <Filter Include="Header Files\Graphics\GLFW">
      <UniqueIdentifier>{e3e3a107-e246-47a8-9fc7-3c18ef8a397e}</UniqueIdentifier>
    </Filter>
    <Filter Include="Source Files\System">
      <UniqueIdentifier>{6b555595-ea34-4530-8755-d026c096f00f}</UniqueIdentifier>
    </Filter>
    <Filter Include="Source Files\Graphics">
      <UniqueIdentifier>{4fca9252-15c3-44dc-b60d-d4f21dfa68e9}</UniqueIdentifier>
    </Filter>
    <Filter Include="Source Files\Graphics\GLFW">
      <UniqueIdentifier>{919be7a7-2fd4-4a87-80f3-3ae56ba84f13}</UniqueIdentifier>
    </Filter>
    <Filter Include="Source Files\Graphics\OpenGL">
      <UniqueIdentifier>{bf49bf2c-3d66-4622-97ad-0fc72de2c06a}</UniqueIdentifier>
    </Filter>
    <Filter Include="Source Files\Graphics\Content">
      <UniqueIdentifier>{56f3f029-9531-4ede-8427-739814b0b7e0}</UniqueIdentifier>
    </Filter>
    <Filter Include="Header Files\Graphics\Content">
      <UniqueIdentifier>{1bada220-3f9d-4ad6-82cd-6aab5ff04dcd}</UniqueIdentifier>
    </Filter>
    <Filter Include="Header Files\Actor">
      <UniqueIdentifier>{0232e7f7-0676-43b8-b3d4-94d820553b8c}</UniqueIdentifier>
    </Filter>
    <Filter Include="Source Files\Actor">
      <UniqueIdentifier>{8649b5a1-b83c-4024-87dd-885db89e91ed}</UniqueIdentifier>
    </Filter>
    <Filter Include="Header Files\Pathfinding">
      <UniqueIdentifier>{883285d2-00ae-4218-a68b-d460d2f6f629}</UniqueIdentifier>
    </Filter>
    <Filter Include="Source Files\Map">
      <UniqueIdentifier>{74b3e3f5-a659-4443-b795-6b6d32d96a92}</UniqueIdentifier>
    </Filter>
    <Filter Include="Header Files\Map">
      <UniqueIdentifier>{ab6bc392-d57e-4012-89d2-fd8608e59be3}</UniqueIdentifier>
    </Filter>
  </ItemGroup>
  <ItemGroup>
    <ClCompile Include="..\glad.c">
      <Filter>Source Files</Filter>
    </ClCompile>
    <ClCompile Include="main.cpp">
      <Filter>Source Files</Filter>
    </ClCompile>
    <ClCompile Include="Engine.cpp">
      <Filter>Source Files\System</Filter>
    </ClCompile>
    <ClCompile Include="GLFWDisplay.cpp">
      <Filter>Source Files\Graphics\GLFW</Filter>
    </ClCompile>
    <ClCompile Include="OpenGLRenderer.cpp">
      <Filter>Source Files\Graphics\OpenGL</Filter>
    </ClCompile>
    <ClCompile Include="IO.cpp">
      <Filter>Source Files\System</Filter>
    </ClCompile>
    <ClCompile Include="OpenGLShaderProgram.cpp">
      <Filter>Source Files\Graphics\OpenGL</Filter>
    </ClCompile>
    <ClCompile Include="OpenGLShaderManager.cpp">
      <Filter>Source Files\Graphics\OpenGL</Filter>
    </ClCompile>
    <ClCompile Include="Texture.cpp">
      <Filter>Source Files\Graphics\Content</Filter>
    </ClCompile>
    <ClCompile Include="TextureManager.cpp">
      <Filter>Source Files\Graphics\Content</Filter>
    </ClCompile>
    <ClCompile Include="ModelManager.cpp">
      <Filter>Source Files\Graphics\Content</Filter>
    </ClCompile>
    <ClCompile Include="Model.cpp">
      <Filter>Source Files\Graphics\Content</Filter>
    </ClCompile>
    <ClCompile Include="Actor.cpp">
      <Filter>Source Files\Actor</Filter>
    </ClCompile>
    <ClCompile Include="Camera.cpp">
      <Filter>Source Files\Actor</Filter>
    </ClCompile>
    <ClCompile Include="World.cpp">
      <Filter>Source Files\System</Filter>
    </ClCompile>
    <ClCompile Include="Renderable.cpp">
      <Filter>Source Files\Actor</Filter>
    </ClCompile>
    <ClCompile Include="Player.cpp">
      <Filter>Source Files\Actor</Filter>
    </ClCompile>
    <ClCompile Include="PathfindingNode.cpp">
      <Filter>Source Files</Filter>
    </ClCompile>
    <ClCompile Include="BSPMap.cpp">
      <Filter>Source Files\Map</Filter>
    </ClCompile>
    <ClCompile Include="Input.cpp">
      <Filter>Source Files\System</Filter>
    </ClCompile>
    <ClCompile Include="DungeonGen.cpp">
      <Filter>Source Files\Map</Filter>
    </ClCompile>
    <ClCompile Include="DungeonRoom.cpp">
      <Filter>Source Files\Map</Filter>
    </ClCompile>
  </ItemGroup>
  <ItemGroup>
    <ClInclude Include="IO.h">
      <Filter>Header Files\System</Filter>
    </ClInclude>
    <ClInclude Include="Engine.h">
      <Filter>Header Files\System</Filter>
    </ClInclude>
    <ClInclude Include="OpenGLRenderer.h">
      <Filter>Header Files\Graphics\OpenGL</Filter>
    </ClInclude>
    <ClInclude Include="GLFWDisplay.h">
      <Filter>Header Files\Graphics\GLFW</Filter>
    </ClInclude>
    <ClInclude Include="OpenGLShaderProgram.h">
      <Filter>Header Files\Graphics\OpenGL</Filter>
    </ClInclude>
    <ClInclude Include="OpenGLShaderManager.h">
      <Filter>Header Files\Graphics\OpenGL</Filter>
    </ClInclude>
    <ClInclude Include="TextureManager.h">
      <Filter>Header Files\Graphics\Content</Filter>
    </ClInclude>
    <ClInclude Include="Texture.h">
      <Filter>Header Files\Graphics\Content</Filter>
    </ClInclude>
    <ClInclude Include="ModelManager.h">
      <Filter>Header Files\Graphics\Content</Filter>
    </ClInclude>
    <ClInclude Include="Model.h">
      <Filter>Header Files\Graphics\Content</Filter>
    </ClInclude>
    <ClInclude Include="World.h">
      <Filter>Header Files\System</Filter>
    </ClInclude>
    <ClInclude Include="Actor.h">
      <Filter>Header Files\Actor</Filter>
    </ClInclude>
    <ClInclude Include="Camera.h">
      <Filter>Header Files\Actor</Filter>
    </ClInclude>
    <ClInclude Include="Renderable.h">
      <Filter>Header Files\Actor</Filter>
    </ClInclude>
    <ClInclude Include="Player.h">
      <Filter>Header Files\Actor</Filter>
    </ClInclude>
    <ClInclude Include="PathfindingNode.h">
      <Filter>Header Files\Pathfinding</Filter>
    </ClInclude>
    <ClInclude Include="BSPMap.h">
      <Filter>Header Files\Map</Filter>
    </ClInclude>
    <ClInclude Include="Input.h">
      <Filter>Header Files\System</Filter>
    </ClInclude>
    <ClInclude Include="DungeonGen.h">
      <Filter>Header Files\Map</Filter>
    </ClInclude>
    <ClInclude Include="DungeonRoom.h">
      <Filter>Header Files\Map</Filter>
    </ClInclude>
  </ItemGroup>
</Project>